// !$*UTF8*$!
{
	archiveVersion = 1;
	classes = {
	};
	objectVersion = 46;
	objects = {

/* Begin PBXBuildFile section */
		29AFEF7B19AD770100F6B10A /* Foundation.framework in Frameworks */ = {isa = PBXBuildFile; fileRef = 29AFEF7A19AD770100F6B10A /* Foundation.framework */; };
		29AFF09619AD77D300F6B10A /* b2BroadPhase.cpp in Sources */ = {isa = PBXBuildFile; fileRef = 29AFF03419AD77D200F6B10A /* b2BroadPhase.cpp */; };
		29AFF09719AD77D300F6B10A /* b2CollideCircle.cpp in Sources */ = {isa = PBXBuildFile; fileRef = 29AFF03619AD77D200F6B10A /* b2CollideCircle.cpp */; };
		29AFF09819AD77D300F6B10A /* b2CollideEdge.cpp in Sources */ = {isa = PBXBuildFile; fileRef = 29AFF03719AD77D200F6B10A /* b2CollideEdge.cpp */; };
		29AFF09919AD77D300F6B10A /* b2CollidePolygon.cpp in Sources */ = {isa = PBXBuildFile; fileRef = 29AFF03819AD77D200F6B10A /* b2CollidePolygon.cpp */; };
		29AFF09A19AD77D300F6B10A /* b2Collision.cpp in Sources */ = {isa = PBXBuildFile; fileRef = 29AFF03919AD77D200F6B10A /* b2Collision.cpp */; };
		29AFF09B19AD77D300F6B10A /* b2Distance.cpp in Sources */ = {isa = PBXBuildFile; fileRef = 29AFF03B19AD77D200F6B10A /* b2Distance.cpp */; };
		29AFF09C19AD77D300F6B10A /* b2DynamicTree.cpp in Sources */ = {isa = PBXBuildFile; fileRef = 29AFF03D19AD77D200F6B10A /* b2DynamicTree.cpp */; };
		29AFF09D19AD77D300F6B10A /* b2TimeOfImpact.cpp in Sources */ = {isa = PBXBuildFile; fileRef = 29AFF03F19AD77D200F6B10A /* b2TimeOfImpact.cpp */; };
		29AFF09E19AD77D300F6B10A /* b2ChainShape.cpp in Sources */ = {isa = PBXBuildFile; fileRef = 29AFF04219AD77D200F6B10A /* b2ChainShape.cpp */; };
		29AFF09F19AD77D300F6B10A /* b2CircleShape.cpp in Sources */ = {isa = PBXBuildFile; fileRef = 29AFF04419AD77D200F6B10A /* b2CircleShape.cpp */; };
		29AFF0A019AD77D300F6B10A /* b2EdgeShape.cpp in Sources */ = {isa = PBXBuildFile; fileRef = 29AFF04619AD77D200F6B10A /* b2EdgeShape.cpp */; };
		29AFF0A119AD77D300F6B10A /* b2PolygonShape.cpp in Sources */ = {isa = PBXBuildFile; fileRef = 29AFF04819AD77D200F6B10A /* b2PolygonShape.cpp */; };
		29AFF0A219AD77D300F6B10A /* b2BlockAllocator.cpp in Sources */ = {isa = PBXBuildFile; fileRef = 29AFF04C19AD77D200F6B10A /* b2BlockAllocator.cpp */; };
		29AFF0A319AD77D300F6B10A /* b2Draw.cpp in Sources */ = {isa = PBXBuildFile; fileRef = 29AFF04E19AD77D200F6B10A /* b2Draw.cpp */; };
		29AFF0A419AD77D300F6B10A /* b2Math.cpp in Sources */ = {isa = PBXBuildFile; fileRef = 29AFF05119AD77D200F6B10A /* b2Math.cpp */; };
		29AFF0A519AD77D300F6B10A /* b2Settings.cpp in Sources */ = {isa = PBXBuildFile; fileRef = 29AFF05319AD77D200F6B10A /* b2Settings.cpp */; };
		29AFF0A619AD77D300F6B10A /* b2StackAllocator.cpp in Sources */ = {isa = PBXBuildFile; fileRef = 29AFF05519AD77D200F6B10A /* b2StackAllocator.cpp */; };
		29AFF0A719AD77D300F6B10A /* b2Timer.cpp in Sources */ = {isa = PBXBuildFile; fileRef = 29AFF05719AD77D200F6B10A /* b2Timer.cpp */; };
		29AFF0A819AD77D300F6B10A /* b2Body.cpp in Sources */ = {isa = PBXBuildFile; fileRef = 29AFF05A19AD77D200F6B10A /* b2Body.cpp */; };
		29AFF0A919AD77D300F6B10A /* b2ContactManager.cpp in Sources */ = {isa = PBXBuildFile; fileRef = 29AFF05C19AD77D200F6B10A /* b2ContactManager.cpp */; };
		29AFF0AA19AD77D300F6B10A /* b2Fixture.cpp in Sources */ = {isa = PBXBuildFile; fileRef = 29AFF05E19AD77D200F6B10A /* b2Fixture.cpp */; };
		29AFF0AB19AD77D300F6B10A /* b2Island.cpp in Sources */ = {isa = PBXBuildFile; fileRef = 29AFF06019AD77D200F6B10A /* b2Island.cpp */; };
		29AFF0AC19AD77D300F6B10A /* b2World.cpp in Sources */ = {isa = PBXBuildFile; fileRef = 29AFF06319AD77D200F6B10A /* b2World.cpp */; };
		29AFF0AD19AD77D300F6B10A /* b2WorldCallbacks.cpp in Sources */ = {isa = PBXBuildFile; fileRef = 29AFF06519AD77D200F6B10A /* b2WorldCallbacks.cpp */; };
		29AFF0AE19AD77D300F6B10A /* b2ChainAndCircleContact.cpp in Sources */ = {isa = PBXBuildFile; fileRef = 29AFF06819AD77D200F6B10A /* b2ChainAndCircleContact.cpp */; };
		29AFF0AF19AD77D300F6B10A /* b2ChainAndPolygonContact.cpp in Sources */ = {isa = PBXBuildFile; fileRef = 29AFF06A19AD77D200F6B10A /* b2ChainAndPolygonContact.cpp */; };
		29AFF0B019AD77D300F6B10A /* b2CircleContact.cpp in Sources */ = {isa = PBXBuildFile; fileRef = 29AFF06C19AD77D200F6B10A /* b2CircleContact.cpp */; };
		29AFF0B119AD77D300F6B10A /* b2Contact.cpp in Sources */ = {isa = PBXBuildFile; fileRef = 29AFF06E19AD77D200F6B10A /* b2Contact.cpp */; };
		29AFF0B219AD77D300F6B10A /* b2ContactSolver.cpp in Sources */ = {isa = PBXBuildFile; fileRef = 29AFF07019AD77D200F6B10A /* b2ContactSolver.cpp */; };
		29AFF0B319AD77D300F6B10A /* b2EdgeAndCircleContact.cpp in Sources */ = {isa = PBXBuildFile; fileRef = 29AFF07219AD77D200F6B10A /* b2EdgeAndCircleContact.cpp */; };
		29AFF0B419AD77D300F6B10A /* b2EdgeAndPolygonContact.cpp in Sources */ = {isa = PBXBuildFile; fileRef = 29AFF07419AD77D200F6B10A /* b2EdgeAndPolygonContact.cpp */; };
		29AFF0B519AD77D300F6B10A /* b2PolygonAndCircleContact.cpp in Sources */ = {isa = PBXBuildFile; fileRef = 29AFF07619AD77D200F6B10A /* b2PolygonAndCircleContact.cpp */; };
		29AFF0B619AD77D300F6B10A /* b2PolygonContact.cpp in Sources */ = {isa = PBXBuildFile; fileRef = 29AFF07819AD77D200F6B10A /* b2PolygonContact.cpp */; };
		29AFF0B719AD77D300F6B10A /* b2DistanceJoint.cpp in Sources */ = {isa = PBXBuildFile; fileRef = 29AFF07B19AD77D200F6B10A /* b2DistanceJoint.cpp */; };
		29AFF0B819AD77D300F6B10A /* b2FrictionJoint.cpp in Sources */ = {isa = PBXBuildFile; fileRef = 29AFF07D19AD77D200F6B10A /* b2FrictionJoint.cpp */; };
		29AFF0B919AD77D300F6B10A /* b2GearJoint.cpp in Sources */ = {isa = PBXBuildFile; fileRef = 29AFF07F19AD77D200F6B10A /* b2GearJoint.cpp */; };
		29AFF0BA19AD77D300F6B10A /* b2Joint.cpp in Sources */ = {isa = PBXBuildFile; fileRef = 29AFF08119AD77D200F6B10A /* b2Joint.cpp */; };
		29AFF0BB19AD77D300F6B10A /* b2MotorJoint.cpp in Sources */ = {isa = PBXBuildFile; fileRef = 29AFF08319AD77D200F6B10A /* b2MotorJoint.cpp */; };
		29AFF0BC19AD77D300F6B10A /* b2MouseJoint.cpp in Sources */ = {isa = PBXBuildFile; fileRef = 29AFF08519AD77D200F6B10A /* b2MouseJoint.cpp */; };
		29AFF0BD19AD77D300F6B10A /* b2PrismaticJoint.cpp in Sources */ = {isa = PBXBuildFile; fileRef = 29AFF08719AD77D200F6B10A /* b2PrismaticJoint.cpp */; };
		29AFF0BE19AD77D300F6B10A /* b2PulleyJoint.cpp in Sources */ = {isa = PBXBuildFile; fileRef = 29AFF08919AD77D200F6B10A /* b2PulleyJoint.cpp */; };
		29AFF0BF19AD77D300F6B10A /* b2RevoluteJoint.cpp in Sources */ = {isa = PBXBuildFile; fileRef = 29AFF08B19AD77D300F6B10A /* b2RevoluteJoint.cpp */; };
		29AFF0C019AD77D300F6B10A /* b2RopeJoint.cpp in Sources */ = {isa = PBXBuildFile; fileRef = 29AFF08D19AD77D300F6B10A /* b2RopeJoint.cpp */; };
		29AFF0C119AD77D300F6B10A /* b2WeldJoint.cpp in Sources */ = {isa = PBXBuildFile; fileRef = 29AFF08F19AD77D300F6B10A /* b2WeldJoint.cpp */; };
		29AFF0C219AD77D300F6B10A /* b2WheelJoint.cpp in Sources */ = {isa = PBXBuildFile; fileRef = 29AFF09119AD77D300F6B10A /* b2WheelJoint.cpp */; };
		29AFF0C319AD77D300F6B10A /* b2Rope.cpp in Sources */ = {isa = PBXBuildFile; fileRef = 29AFF09419AD77D300F6B10A /* b2Rope.cpp */; };
/* End PBXBuildFile section */

/* Begin PBXCopyFilesBuildPhase section */
		29AFEF7519AD770100F6B10A /* CopyFiles */ = {
			isa = PBXCopyFilesBuildPhase;
			buildActionMask = 2147483647;
			dstPath = "include/$(PRODUCT_NAME)";
			dstSubfolderSpec = 16;
			files = (
			);
			runOnlyForDeploymentPostprocessing = 0;
		};
/* End PBXCopyFilesBuildPhase section */

/* Begin PBXFileReference section */
		29AFEF7719AD770100F6B10A /* libBox2D.a */ = {isa = PBXFileReference; explicitFileType = archive.ar; includeInIndex = 0; path = libBox2D.a; sourceTree = BUILT_PRODUCTS_DIR; };
		29AFEF7A19AD770100F6B10A /* Foundation.framework */ = {isa = PBXFileReference; lastKnownFileType = wrapper.framework; name = Foundation.framework; path = System/Library/Frameworks/Foundation.framework; sourceTree = SDKROOT; };
		29AFEF8819AD770200F6B10A /* XCTest.framework */ = {isa = PBXFileReference; lastKnownFileType = wrapper.framework; name = XCTest.framework; path = Library/Frameworks/XCTest.framework; sourceTree = DEVELOPER_DIR; };
		29AFEF8B19AD770200F6B10A /* UIKit.framework */ = {isa = PBXFileReference; lastKnownFileType = wrapper.framework; name = UIKit.framework; path = Library/Frameworks/UIKit.framework; sourceTree = DEVELOPER_DIR; };
		29AFF03219AD77D200F6B10A /* Box2D.h */ = {isa = PBXFileReference; fileEncoding = 4; lastKnownFileType = sourcecode.c.h; name = Box2D.h; path = Box2D/Box2D.h; sourceTree = "<group>"; };
		29AFF03419AD77D200F6B10A /* b2BroadPhase.cpp */ = {isa = PBXFileReference; fileEncoding = 4; lastKnownFileType = sourcecode.cpp.cpp; path = b2BroadPhase.cpp; sourceTree = "<group>"; };
		29AFF03519AD77D200F6B10A /* b2BroadPhase.h */ = {isa = PBXFileReference; fileEncoding = 4; lastKnownFileType = sourcecode.c.h; path = b2BroadPhase.h; sourceTree = "<group>"; };
		29AFF03619AD77D200F6B10A /* b2CollideCircle.cpp */ = {isa = PBXFileReference; fileEncoding = 4; lastKnownFileType = sourcecode.cpp.cpp; path = b2CollideCircle.cpp; sourceTree = "<group>"; };
		29AFF03719AD77D200F6B10A /* b2CollideEdge.cpp */ = {isa = PBXFileReference; fileEncoding = 4; lastKnownFileType = sourcecode.cpp.cpp; path = b2CollideEdge.cpp; sourceTree = "<group>"; };
		29AFF03819AD77D200F6B10A /* b2CollidePolygon.cpp */ = {isa = PBXFileReference; fileEncoding = 4; lastKnownFileType = sourcecode.cpp.cpp; path = b2CollidePolygon.cpp; sourceTree = "<group>"; };
		29AFF03919AD77D200F6B10A /* b2Collision.cpp */ = {isa = PBXFileReference; fileEncoding = 4; lastKnownFileType = sourcecode.cpp.cpp; path = b2Collision.cpp; sourceTree = "<group>"; };
		29AFF03A19AD77D200F6B10A /* b2Collision.h */ = {isa = PBXFileReference; fileEncoding = 4; lastKnownFileType = sourcecode.c.h; path = b2Collision.h; sourceTree = "<group>"; };
		29AFF03B19AD77D200F6B10A /* b2Distance.cpp */ = {isa = PBXFileReference; fileEncoding = 4; lastKnownFileType = sourcecode.cpp.cpp; path = b2Distance.cpp; sourceTree = "<group>"; };
		29AFF03C19AD77D200F6B10A /* b2Distance.h */ = {isa = PBXFileReference; fileEncoding = 4; lastKnownFileType = sourcecode.c.h; path = b2Distance.h; sourceTree = "<group>"; };
		29AFF03D19AD77D200F6B10A /* b2DynamicTree.cpp */ = {isa = PBXFileReference; fileEncoding = 4; lastKnownFileType = sourcecode.cpp.cpp; path = b2DynamicTree.cpp; sourceTree = "<group>"; };
		29AFF03E19AD77D200F6B10A /* b2DynamicTree.h */ = {isa = PBXFileReference; fileEncoding = 4; lastKnownFileType = sourcecode.c.h; path = b2DynamicTree.h; sourceTree = "<group>"; };
		29AFF03F19AD77D200F6B10A /* b2TimeOfImpact.cpp */ = {isa = PBXFileReference; fileEncoding = 4; lastKnownFileType = sourcecode.cpp.cpp; path = b2TimeOfImpact.cpp; sourceTree = "<group>"; };
		29AFF04019AD77D200F6B10A /* b2TimeOfImpact.h */ = {isa = PBXFileReference; fileEncoding = 4; lastKnownFileType = sourcecode.c.h; path = b2TimeOfImpact.h; sourceTree = "<group>"; };
		29AFF04219AD77D200F6B10A /* b2ChainShape.cpp */ = {isa = PBXFileReference; fileEncoding = 4; lastKnownFileType = sourcecode.cpp.cpp; path = b2ChainShape.cpp; sourceTree = "<group>"; };
		29AFF04319AD77D200F6B10A /* b2ChainShape.h */ = {isa = PBXFileReference; fileEncoding = 4; lastKnownFileType = sourcecode.c.h; path = b2ChainShape.h; sourceTree = "<group>"; };
		29AFF04419AD77D200F6B10A /* b2CircleShape.cpp */ = {isa = PBXFileReference; fileEncoding = 4; lastKnownFileType = sourcecode.cpp.cpp; path = b2CircleShape.cpp; sourceTree = "<group>"; };
		29AFF04519AD77D200F6B10A /* b2CircleShape.h */ = {isa = PBXFileReference; fileEncoding = 4; lastKnownFileType = sourcecode.c.h; path = b2CircleShape.h; sourceTree = "<group>"; };
		29AFF04619AD77D200F6B10A /* b2EdgeShape.cpp */ = {isa = PBXFileReference; fileEncoding = 4; lastKnownFileType = sourcecode.cpp.cpp; path = b2EdgeShape.cpp; sourceTree = "<group>"; };
		29AFF04719AD77D200F6B10A /* b2EdgeShape.h */ = {isa = PBXFileReference; fileEncoding = 4; lastKnownFileType = sourcecode.c.h; path = b2EdgeShape.h; sourceTree = "<group>"; };
		29AFF04819AD77D200F6B10A /* b2PolygonShape.cpp */ = {isa = PBXFileReference; fileEncoding = 4; lastKnownFileType = sourcecode.cpp.cpp; path = b2PolygonShape.cpp; sourceTree = "<group>"; };
		29AFF04919AD77D200F6B10A /* b2PolygonShape.h */ = {isa = PBXFileReference; fileEncoding = 4; lastKnownFileType = sourcecode.c.h; path = b2PolygonShape.h; sourceTree = "<group>"; };
		29AFF04A19AD77D200F6B10A /* b2Shape.h */ = {isa = PBXFileReference; fileEncoding = 4; lastKnownFileType = sourcecode.c.h; path = b2Shape.h; sourceTree = "<group>"; };
		29AFF04C19AD77D200F6B10A /* b2BlockAllocator.cpp */ = {isa = PBXFileReference; fileEncoding = 4; lastKnownFileType = sourcecode.cpp.cpp; path = b2BlockAllocator.cpp; sourceTree = "<group>"; };
		29AFF04D19AD77D200F6B10A /* b2BlockAllocator.h */ = {isa = PBXFileReference; fileEncoding = 4; lastKnownFileType = sourcecode.c.h; path = b2BlockAllocator.h; sourceTree = "<group>"; };
		29AFF04E19AD77D200F6B10A /* b2Draw.cpp */ = {isa = PBXFileReference; fileEncoding = 4; lastKnownFileType = sourcecode.cpp.cpp; path = b2Draw.cpp; sourceTree = "<group>"; };
		29AFF04F19AD77D200F6B10A /* b2Draw.h */ = {isa = PBXFileReference; fileEncoding = 4; lastKnownFileType = sourcecode.c.h; path = b2Draw.h; sourceTree = "<group>"; };
		29AFF05019AD77D200F6B10A /* b2GrowableStack.h */ = {isa = PBXFileReference; fileEncoding = 4; lastKnownFileType = sourcecode.c.h; path = b2GrowableStack.h; sourceTree = "<group>"; };
		29AFF05119AD77D200F6B10A /* b2Math.cpp */ = {isa = PBXFileReference; fileEncoding = 4; lastKnownFileType = sourcecode.cpp.cpp; path = b2Math.cpp; sourceTree = "<group>"; };
		29AFF05219AD77D200F6B10A /* b2Math.h */ = {isa = PBXFileReference; fileEncoding = 4; lastKnownFileType = sourcecode.c.h; path = b2Math.h; sourceTree = "<group>"; };
		29AFF05319AD77D200F6B10A /* b2Settings.cpp */ = {isa = PBXFileReference; fileEncoding = 4; lastKnownFileType = sourcecode.cpp.cpp; path = b2Settings.cpp; sourceTree = "<group>"; };
		29AFF05419AD77D200F6B10A /* b2Settings.h */ = {isa = PBXFileReference; fileEncoding = 4; lastKnownFileType = sourcecode.c.h; path = b2Settings.h; sourceTree = "<group>"; };
		29AFF05519AD77D200F6B10A /* b2StackAllocator.cpp */ = {isa = PBXFileReference; fileEncoding = 4; lastKnownFileType = sourcecode.cpp.cpp; path = b2StackAllocator.cpp; sourceTree = "<group>"; };
		29AFF05619AD77D200F6B10A /* b2StackAllocator.h */ = {isa = PBXFileReference; fileEncoding = 4; lastKnownFileType = sourcecode.c.h; path = b2StackAllocator.h; sourceTree = "<group>"; };
		29AFF05719AD77D200F6B10A /* b2Timer.cpp */ = {isa = PBXFileReference; fileEncoding = 4; lastKnownFileType = sourcecode.cpp.cpp; path = b2Timer.cpp; sourceTree = "<group>"; };
		29AFF05819AD77D200F6B10A /* b2Timer.h */ = {isa = PBXFileReference; fileEncoding = 4; lastKnownFileType = sourcecode.c.h; path = b2Timer.h; sourceTree = "<group>"; };
		29AFF05A19AD77D200F6B10A /* b2Body.cpp */ = {isa = PBXFileReference; fileEncoding = 4; lastKnownFileType = sourcecode.cpp.cpp; path = b2Body.cpp; sourceTree = "<group>"; };
		29AFF05B19AD77D200F6B10A /* b2Body.h */ = {isa = PBXFileReference; fileEncoding = 4; lastKnownFileType = sourcecode.c.h; path = b2Body.h; sourceTree = "<group>"; };
		29AFF05C19AD77D200F6B10A /* b2ContactManager.cpp */ = {isa = PBXFileReference; fileEncoding = 4; lastKnownFileType = sourcecode.cpp.cpp; path = b2ContactManager.cpp; sourceTree = "<group>"; };
		29AFF05D19AD77D200F6B10A /* b2ContactManager.h */ = {isa = PBXFileReference; fileEncoding = 4; lastKnownFileType = sourcecode.c.h; path = b2ContactManager.h; sourceTree = "<group>"; };
		29AFF05E19AD77D200F6B10A /* b2Fixture.cpp */ = {isa = PBXFileReference; fileEncoding = 4; lastKnownFileType = sourcecode.cpp.cpp; path = b2Fixture.cpp; sourceTree = "<group>"; };
		29AFF05F19AD77D200F6B10A /* b2Fixture.h */ = {isa = PBXFileReference; fileEncoding = 4; lastKnownFileType = sourcecode.c.h; path = b2Fixture.h; sourceTree = "<group>"; };
		29AFF06019AD77D200F6B10A /* b2Island.cpp */ = {isa = PBXFileReference; fileEncoding = 4; lastKnownFileType = sourcecode.cpp.cpp; path = b2Island.cpp; sourceTree = "<group>"; };
		29AFF06119AD77D200F6B10A /* b2Island.h */ = {isa = PBXFileReference; fileEncoding = 4; lastKnownFileType = sourcecode.c.h; path = b2Island.h; sourceTree = "<group>"; };
		29AFF06219AD77D200F6B10A /* b2TimeStep.h */ = {isa = PBXFileReference; fileEncoding = 4; lastKnownFileType = sourcecode.c.h; path = b2TimeStep.h; sourceTree = "<group>"; };
		29AFF06319AD77D200F6B10A /* b2World.cpp */ = {isa = PBXFileReference; fileEncoding = 4; lastKnownFileType = sourcecode.cpp.cpp; path = b2World.cpp; sourceTree = "<group>"; };
		29AFF06419AD77D200F6B10A /* b2World.h */ = {isa = PBXFileReference; fileEncoding = 4; lastKnownFileType = sourcecode.c.h; path = b2World.h; sourceTree = "<group>"; };
		29AFF06519AD77D200F6B10A /* b2WorldCallbacks.cpp */ = {isa = PBXFileReference; fileEncoding = 4; lastKnownFileType = sourcecode.cpp.cpp; path = b2WorldCallbacks.cpp; sourceTree = "<group>"; };
		29AFF06619AD77D200F6B10A /* b2WorldCallbacks.h */ = {isa = PBXFileReference; fileEncoding = 4; lastKnownFileType = sourcecode.c.h; path = b2WorldCallbacks.h; sourceTree = "<group>"; };
		29AFF06819AD77D200F6B10A /* b2ChainAndCircleContact.cpp */ = {isa = PBXFileReference; fileEncoding = 4; lastKnownFileType = sourcecode.cpp.cpp; path = b2ChainAndCircleContact.cpp; sourceTree = "<group>"; };
		29AFF06919AD77D200F6B10A /* b2ChainAndCircleContact.h */ = {isa = PBXFileReference; fileEncoding = 4; lastKnownFileType = sourcecode.c.h; path = b2ChainAndCircleContact.h; sourceTree = "<group>"; };
		29AFF06A19AD77D200F6B10A /* b2ChainAndPolygonContact.cpp */ = {isa = PBXFileReference; fileEncoding = 4; lastKnownFileType = sourcecode.cpp.cpp; path = b2ChainAndPolygonContact.cpp; sourceTree = "<group>"; };
		29AFF06B19AD77D200F6B10A /* b2ChainAndPolygonContact.h */ = {isa = PBXFileReference; fileEncoding = 4; lastKnownFileType = sourcecode.c.h; path = b2ChainAndPolygonContact.h; sourceTree = "<group>"; };
		29AFF06C19AD77D200F6B10A /* b2CircleContact.cpp */ = {isa = PBXFileReference; fileEncoding = 4; lastKnownFileType = sourcecode.cpp.cpp; path = b2CircleContact.cpp; sourceTree = "<group>"; };
		29AFF06D19AD77D200F6B10A /* b2CircleContact.h */ = {isa = PBXFileReference; fileEncoding = 4; lastKnownFileType = sourcecode.c.h; path = b2CircleContact.h; sourceTree = "<group>"; };
		29AFF06E19AD77D200F6B10A /* b2Contact.cpp */ = {isa = PBXFileReference; fileEncoding = 4; lastKnownFileType = sourcecode.cpp.cpp; path = b2Contact.cpp; sourceTree = "<group>"; };
		29AFF06F19AD77D200F6B10A /* b2Contact.h */ = {isa = PBXFileReference; fileEncoding = 4; lastKnownFileType = sourcecode.c.h; path = b2Contact.h; sourceTree = "<group>"; };
		29AFF07019AD77D200F6B10A /* b2ContactSolver.cpp */ = {isa = PBXFileReference; fileEncoding = 4; lastKnownFileType = sourcecode.cpp.cpp; path = b2ContactSolver.cpp; sourceTree = "<group>"; };
		29AFF07119AD77D200F6B10A /* b2ContactSolver.h */ = {isa = PBXFileReference; fileEncoding = 4; lastKnownFileType = sourcecode.c.h; path = b2ContactSolver.h; sourceTree = "<group>"; };
		29AFF07219AD77D200F6B10A /* b2EdgeAndCircleContact.cpp */ = {isa = PBXFileReference; fileEncoding = 4; lastKnownFileType = sourcecode.cpp.cpp; path = b2EdgeAndCircleContact.cpp; sourceTree = "<group>"; };
		29AFF07319AD77D200F6B10A /* b2EdgeAndCircleContact.h */ = {isa = PBXFileReference; fileEncoding = 4; lastKnownFileType = sourcecode.c.h; path = b2EdgeAndCircleContact.h; sourceTree = "<group>"; };
		29AFF07419AD77D200F6B10A /* b2EdgeAndPolygonContact.cpp */ = {isa = PBXFileReference; fileEncoding = 4; lastKnownFileType = sourcecode.cpp.cpp; path = b2EdgeAndPolygonContact.cpp; sourceTree = "<group>"; };
		29AFF07519AD77D200F6B10A /* b2EdgeAndPolygonContact.h */ = {isa = PBXFileReference; fileEncoding = 4; lastKnownFileType = sourcecode.c.h; path = b2EdgeAndPolygonContact.h; sourceTree = "<group>"; };
		29AFF07619AD77D200F6B10A /* b2PolygonAndCircleContact.cpp */ = {isa = PBXFileReference; fileEncoding = 4; lastKnownFileType = sourcecode.cpp.cpp; path = b2PolygonAndCircleContact.cpp; sourceTree = "<group>"; };
		29AFF07719AD77D200F6B10A /* b2PolygonAndCircleContact.h */ = {isa = PBXFileReference; fileEncoding = 4; lastKnownFileType = sourcecode.c.h; path = b2PolygonAndCircleContact.h; sourceTree = "<group>"; };
		29AFF07819AD77D200F6B10A /* b2PolygonContact.cpp */ = {isa = PBXFileReference; fileEncoding = 4; lastKnownFileType = sourcecode.cpp.cpp; path = b2PolygonContact.cpp; sourceTree = "<group>"; };
		29AFF07919AD77D200F6B10A /* b2PolygonContact.h */ = {isa = PBXFileReference; fileEncoding = 4; lastKnownFileType = sourcecode.c.h; path = b2PolygonContact.h; sourceTree = "<group>"; };
		29AFF07B19AD77D200F6B10A /* b2DistanceJoint.cpp */ = {isa = PBXFileReference; fileEncoding = 4; lastKnownFileType = sourcecode.cpp.cpp; path = b2DistanceJoint.cpp; sourceTree = "<group>"; };
		29AFF07C19AD77D200F6B10A /* b2DistanceJoint.h */ = {isa = PBXFileReference; fileEncoding = 4; lastKnownFileType = sourcecode.c.h; path = b2DistanceJoint.h; sourceTree = "<group>"; };
		29AFF07D19AD77D200F6B10A /* b2FrictionJoint.cpp */ = {isa = PBXFileReference; fileEncoding = 4; lastKnownFileType = sourcecode.cpp.cpp; path = b2FrictionJoint.cpp; sourceTree = "<group>"; };
		29AFF07E19AD77D200F6B10A /* b2FrictionJoint.h */ = {isa = PBXFileReference; fileEncoding = 4; lastKnownFileType = sourcecode.c.h; path = b2FrictionJoint.h; sourceTree = "<group>"; };
		29AFF07F19AD77D200F6B10A /* b2GearJoint.cpp */ = {isa = PBXFileReference; fileEncoding = 4; lastKnownFileType = sourcecode.cpp.cpp; path = b2GearJoint.cpp; sourceTree = "<group>"; };
		29AFF08019AD77D200F6B10A /* b2GearJoint.h */ = {isa = PBXFileReference; fileEncoding = 4; lastKnownFileType = sourcecode.c.h; path = b2GearJoint.h; sourceTree = "<group>"; };
		29AFF08119AD77D200F6B10A /* b2Joint.cpp */ = {isa = PBXFileReference; fileEncoding = 4; lastKnownFileType = sourcecode.cpp.cpp; path = b2Joint.cpp; sourceTree = "<group>"; };
		29AFF08219AD77D200F6B10A /* b2Joint.h */ = {isa = PBXFileReference; fileEncoding = 4; lastKnownFileType = sourcecode.c.h; path = b2Joint.h; sourceTree = "<group>"; };
		29AFF08319AD77D200F6B10A /* b2MotorJoint.cpp */ = {isa = PBXFileReference; fileEncoding = 4; lastKnownFileType = sourcecode.cpp.cpp; path = b2MotorJoint.cpp; sourceTree = "<group>"; };
		29AFF08419AD77D200F6B10A /* b2MotorJoint.h */ = {isa = PBXFileReference; fileEncoding = 4; lastKnownFileType = sourcecode.c.h; path = b2MotorJoint.h; sourceTree = "<group>"; };
		29AFF08519AD77D200F6B10A /* b2MouseJoint.cpp */ = {isa = PBXFileReference; fileEncoding = 4; lastKnownFileType = sourcecode.cpp.cpp; path = b2MouseJoint.cpp; sourceTree = "<group>"; };
		29AFF08619AD77D200F6B10A /* b2MouseJoint.h */ = {isa = PBXFileReference; fileEncoding = 4; lastKnownFileType = sourcecode.c.h; path = b2MouseJoint.h; sourceTree = "<group>"; };
		29AFF08719AD77D200F6B10A /* b2PrismaticJoint.cpp */ = {isa = PBXFileReference; fileEncoding = 4; lastKnownFileType = sourcecode.cpp.cpp; path = b2PrismaticJoint.cpp; sourceTree = "<group>"; };
		29AFF08819AD77D200F6B10A /* b2PrismaticJoint.h */ = {isa = PBXFileReference; fileEncoding = 4; lastKnownFileType = sourcecode.c.h; path = b2PrismaticJoint.h; sourceTree = "<group>"; };
		29AFF08919AD77D200F6B10A /* b2PulleyJoint.cpp */ = {isa = PBXFileReference; fileEncoding = 4; lastKnownFileType = sourcecode.cpp.cpp; path = b2PulleyJoint.cpp; sourceTree = "<group>"; };
		29AFF08A19AD77D200F6B10A /* b2PulleyJoint.h */ = {isa = PBXFileReference; fileEncoding = 4; lastKnownFileType = sourcecode.c.h; path = b2PulleyJoint.h; sourceTree = "<group>"; };
		29AFF08B19AD77D300F6B10A /* b2RevoluteJoint.cpp */ = {isa = PBXFileReference; fileEncoding = 4; lastKnownFileType = sourcecode.cpp.cpp; path = b2RevoluteJoint.cpp; sourceTree = "<group>"; };
		29AFF08C19AD77D300F6B10A /* b2RevoluteJoint.h */ = {isa = PBXFileReference; fileEncoding = 4; lastKnownFileType = sourcecode.c.h; path = b2RevoluteJoint.h; sourceTree = "<group>"; };
		29AFF08D19AD77D300F6B10A /* b2RopeJoint.cpp */ = {isa = PBXFileReference; fileEncoding = 4; lastKnownFileType = sourcecode.cpp.cpp; path = b2RopeJoint.cpp; sourceTree = "<group>"; };
		29AFF08E19AD77D300F6B10A /* b2RopeJoint.h */ = {isa = PBXFileReference; fileEncoding = 4; lastKnownFileType = sourcecode.c.h; path = b2RopeJoint.h; sourceTree = "<group>"; };
		29AFF08F19AD77D300F6B10A /* b2WeldJoint.cpp */ = {isa = PBXFileReference; fileEncoding = 4; lastKnownFileType = sourcecode.cpp.cpp; path = b2WeldJoint.cpp; sourceTree = "<group>"; };
		29AFF09019AD77D300F6B10A /* b2WeldJoint.h */ = {isa = PBXFileReference; fileEncoding = 4; lastKnownFileType = sourcecode.c.h; path = b2WeldJoint.h; sourceTree = "<group>"; };
		29AFF09119AD77D300F6B10A /* b2WheelJoint.cpp */ = {isa = PBXFileReference; fileEncoding = 4; lastKnownFileType = sourcecode.cpp.cpp; path = b2WheelJoint.cpp; sourceTree = "<group>"; };
		29AFF09219AD77D300F6B10A /* b2WheelJoint.h */ = {isa = PBXFileReference; fileEncoding = 4; lastKnownFileType = sourcecode.c.h; path = b2WheelJoint.h; sourceTree = "<group>"; };
		29AFF09419AD77D300F6B10A /* b2Rope.cpp */ = {isa = PBXFileReference; fileEncoding = 4; lastKnownFileType = sourcecode.cpp.cpp; path = b2Rope.cpp; sourceTree = "<group>"; };
		29AFF09519AD77D300F6B10A /* b2Rope.h */ = {isa = PBXFileReference; fileEncoding = 4; lastKnownFileType = sourcecode.c.h; path = b2Rope.h; sourceTree = "<group>"; };
/* End PBXFileReference section */

/* Begin PBXFrameworksBuildPhase section */
		29AFEF7419AD770100F6B10A /* Frameworks */ = {
			isa = PBXFrameworksBuildPhase;
			buildActionMask = 2147483647;
			files = (
				29AFEF7B19AD770100F6B10A /* Foundation.framework in Frameworks */,
			);
			runOnlyForDeploymentPostprocessing = 0;
		};
/* End PBXFrameworksBuildPhase section */

/* Begin PBXGroup section */
		29AFEF6E19AD770100F6B10A = {
			isa = PBXGroup;
			children = (
				29AFF03219AD77D200F6B10A /* Box2D.h */,
				29AFF03319AD77D200F6B10A /* Collision */,
				29AFF04B19AD77D200F6B10A /* Common */,
				29AFF05919AD77D200F6B10A /* Dynamics */,
				29AFF09319AD77D300F6B10A /* Rope */,
				29AFEF7919AD770100F6B10A /* Frameworks */,
				29AFEF7819AD770100F6B10A /* Products */,
			);
			sourceTree = "<group>";
		};
		29AFEF7819AD770100F6B10A /* Products */ = {
			isa = PBXGroup;
			children = (
				29AFEF7719AD770100F6B10A /* libBox2D.a */,
			);
			name = Products;
			sourceTree = "<group>";
		};
		29AFEF7919AD770100F6B10A /* Frameworks */ = {
			isa = PBXGroup;
			children = (
				29AFEF7A19AD770100F6B10A /* Foundation.framework */,
				29AFEF8819AD770200F6B10A /* XCTest.framework */,
				29AFEF8B19AD770200F6B10A /* UIKit.framework */,
			);
			name = Frameworks;
			sourceTree = "<group>";
		};
		29AFF03319AD77D200F6B10A /* Collision */ = {
			isa = PBXGroup;
			children = (
				29AFF03419AD77D200F6B10A /* b2BroadPhase.cpp */,
				29AFF03519AD77D200F6B10A /* b2BroadPhase.h */,
				29AFF03619AD77D200F6B10A /* b2CollideCircle.cpp */,
				29AFF03719AD77D200F6B10A /* b2CollideEdge.cpp */,
				29AFF03819AD77D200F6B10A /* b2CollidePolygon.cpp */,
				29AFF03919AD77D200F6B10A /* b2Collision.cpp */,
				29AFF03A19AD77D200F6B10A /* b2Collision.h */,
				29AFF03B19AD77D200F6B10A /* b2Distance.cpp */,
				29AFF03C19AD77D200F6B10A /* b2Distance.h */,
				29AFF03D19AD77D200F6B10A /* b2DynamicTree.cpp */,
				29AFF03E19AD77D200F6B10A /* b2DynamicTree.h */,
				29AFF03F19AD77D200F6B10A /* b2TimeOfImpact.cpp */,
				29AFF04019AD77D200F6B10A /* b2TimeOfImpact.h */,
				29AFF04119AD77D200F6B10A /* Shapes */,
			);
			name = Collision;
			path = Box2D/Collision;
			sourceTree = "<group>";
		};
		29AFF04119AD77D200F6B10A /* Shapes */ = {
			isa = PBXGroup;
			children = (
				29AFF04219AD77D200F6B10A /* b2ChainShape.cpp */,
				29AFF04319AD77D200F6B10A /* b2ChainShape.h */,
				29AFF04419AD77D200F6B10A /* b2CircleShape.cpp */,
				29AFF04519AD77D200F6B10A /* b2CircleShape.h */,
				29AFF04619AD77D200F6B10A /* b2EdgeShape.cpp */,
				29AFF04719AD77D200F6B10A /* b2EdgeShape.h */,
				29AFF04819AD77D200F6B10A /* b2PolygonShape.cpp */,
				29AFF04919AD77D200F6B10A /* b2PolygonShape.h */,
				29AFF04A19AD77D200F6B10A /* b2Shape.h */,
			);
			path = Shapes;
			sourceTree = "<group>";
		};
		29AFF04B19AD77D200F6B10A /* Common */ = {
			isa = PBXGroup;
			children = (
				29AFF04C19AD77D200F6B10A /* b2BlockAllocator.cpp */,
				29AFF04D19AD77D200F6B10A /* b2BlockAllocator.h */,
				29AFF04E19AD77D200F6B10A /* b2Draw.cpp */,
				29AFF04F19AD77D200F6B10A /* b2Draw.h */,
				29AFF05019AD77D200F6B10A /* b2GrowableStack.h */,
				29AFF05119AD77D200F6B10A /* b2Math.cpp */,
				29AFF05219AD77D200F6B10A /* b2Math.h */,
				29AFF05319AD77D200F6B10A /* b2Settings.cpp */,
				29AFF05419AD77D200F6B10A /* b2Settings.h */,
				29AFF05519AD77D200F6B10A /* b2StackAllocator.cpp */,
				29AFF05619AD77D200F6B10A /* b2StackAllocator.h */,
				29AFF05719AD77D200F6B10A /* b2Timer.cpp */,
				29AFF05819AD77D200F6B10A /* b2Timer.h */,
			);
			name = Common;
			path = Box2D/Common;
			sourceTree = "<group>";
		};
		29AFF05919AD77D200F6B10A /* Dynamics */ = {
			isa = PBXGroup;
			children = (
				29AFF05A19AD77D200F6B10A /* b2Body.cpp */,
				29AFF05B19AD77D200F6B10A /* b2Body.h */,
				29AFF05C19AD77D200F6B10A /* b2ContactManager.cpp */,
				29AFF05D19AD77D200F6B10A /* b2ContactManager.h */,
				29AFF05E19AD77D200F6B10A /* b2Fixture.cpp */,
				29AFF05F19AD77D200F6B10A /* b2Fixture.h */,
				29AFF06019AD77D200F6B10A /* b2Island.cpp */,
				29AFF06119AD77D200F6B10A /* b2Island.h */,
				29AFF06219AD77D200F6B10A /* b2TimeStep.h */,
				29AFF06319AD77D200F6B10A /* b2World.cpp */,
				29AFF06419AD77D200F6B10A /* b2World.h */,
				29AFF06519AD77D200F6B10A /* b2WorldCallbacks.cpp */,
				29AFF06619AD77D200F6B10A /* b2WorldCallbacks.h */,
				29AFF06719AD77D200F6B10A /* Contacts */,
				29AFF07A19AD77D200F6B10A /* Joints */,
			);
			name = Dynamics;
			path = Box2D/Dynamics;
			sourceTree = "<group>";
		};
		29AFF06719AD77D200F6B10A /* Contacts */ = {
			isa = PBXGroup;
			children = (
				29AFF06819AD77D200F6B10A /* b2ChainAndCircleContact.cpp */,
				29AFF06919AD77D200F6B10A /* b2ChainAndCircleContact.h */,
				29AFF06A19AD77D200F6B10A /* b2ChainAndPolygonContact.cpp */,
				29AFF06B19AD77D200F6B10A /* b2ChainAndPolygonContact.h */,
				29AFF06C19AD77D200F6B10A /* b2CircleContact.cpp */,
				29AFF06D19AD77D200F6B10A /* b2CircleContact.h */,
				29AFF06E19AD77D200F6B10A /* b2Contact.cpp */,
				29AFF06F19AD77D200F6B10A /* b2Contact.h */,
				29AFF07019AD77D200F6B10A /* b2ContactSolver.cpp */,
				29AFF07119AD77D200F6B10A /* b2ContactSolver.h */,
				29AFF07219AD77D200F6B10A /* b2EdgeAndCircleContact.cpp */,
				29AFF07319AD77D200F6B10A /* b2EdgeAndCircleContact.h */,
				29AFF07419AD77D200F6B10A /* b2EdgeAndPolygonContact.cpp */,
				29AFF07519AD77D200F6B10A /* b2EdgeAndPolygonContact.h */,
				29AFF07619AD77D200F6B10A /* b2PolygonAndCircleContact.cpp */,
				29AFF07719AD77D200F6B10A /* b2PolygonAndCircleContact.h */,
				29AFF07819AD77D200F6B10A /* b2PolygonContact.cpp */,
				29AFF07919AD77D200F6B10A /* b2PolygonContact.h */,
			);
			path = Contacts;
			sourceTree = "<group>";
		};
		29AFF07A19AD77D200F6B10A /* Joints */ = {
			isa = PBXGroup;
			children = (
				29AFF07B19AD77D200F6B10A /* b2DistanceJoint.cpp */,
				29AFF07C19AD77D200F6B10A /* b2DistanceJoint.h */,
				29AFF07D19AD77D200F6B10A /* b2FrictionJoint.cpp */,
				29AFF07E19AD77D200F6B10A /* b2FrictionJoint.h */,
				29AFF07F19AD77D200F6B10A /* b2GearJoint.cpp */,
				29AFF08019AD77D200F6B10A /* b2GearJoint.h */,
				29AFF08119AD77D200F6B10A /* b2Joint.cpp */,
				29AFF08219AD77D200F6B10A /* b2Joint.h */,
				29AFF08319AD77D200F6B10A /* b2MotorJoint.cpp */,
				29AFF08419AD77D200F6B10A /* b2MotorJoint.h */,
				29AFF08519AD77D200F6B10A /* b2MouseJoint.cpp */,
				29AFF08619AD77D200F6B10A /* b2MouseJoint.h */,
				29AFF08719AD77D200F6B10A /* b2PrismaticJoint.cpp */,
				29AFF08819AD77D200F6B10A /* b2PrismaticJoint.h */,
				29AFF08919AD77D200F6B10A /* b2PulleyJoint.cpp */,
				29AFF08A19AD77D200F6B10A /* b2PulleyJoint.h */,
				29AFF08B19AD77D300F6B10A /* b2RevoluteJoint.cpp */,
				29AFF08C19AD77D300F6B10A /* b2RevoluteJoint.h */,
				29AFF08D19AD77D300F6B10A /* b2RopeJoint.cpp */,
				29AFF08E19AD77D300F6B10A /* b2RopeJoint.h */,
				29AFF08F19AD77D300F6B10A /* b2WeldJoint.cpp */,
				29AFF09019AD77D300F6B10A /* b2WeldJoint.h */,
				29AFF09119AD77D300F6B10A /* b2WheelJoint.cpp */,
				29AFF09219AD77D300F6B10A /* b2WheelJoint.h */,
			);
			path = Joints;
			sourceTree = "<group>";
		};
		29AFF09319AD77D300F6B10A /* Rope */ = {
			isa = PBXGroup;
			children = (
				29AFF09419AD77D300F6B10A /* b2Rope.cpp */,
				29AFF09519AD77D300F6B10A /* b2Rope.h */,
			);
			name = Rope;
			path = Box2D/Rope;
			sourceTree = "<group>";
		};
/* End PBXGroup section */

/* Begin PBXNativeTarget section */
		29AFEF7619AD770100F6B10A /* Box2D */ = {
			isa = PBXNativeTarget;
			buildConfigurationList = 29AFEF9A19AD770200F6B10A /* Build configuration list for PBXNativeTarget "Box2D" */;
			buildPhases = (
				29AFEF7319AD770100F6B10A /* Sources */,
				29AFEF7419AD770100F6B10A /* Frameworks */,
				29AFEF7519AD770100F6B10A /* CopyFiles */,
			);
			buildRules = (
			);
			dependencies = (
			);
			name = Box2D;
			productName = Box2D;
			productReference = 29AFEF7719AD770100F6B10A /* libBox2D.a */;
			productType = "com.apple.product-type.library.static";
		};
/* End PBXNativeTarget section */

/* Begin PBXProject section */
		29AFEF6F19AD770100F6B10A /* Project object */ = {
			isa = PBXProject;
			attributes = {
				LastUpgradeCheck = 0510;
				ORGANIZATIONNAME = guanghui;
			};
			buildConfigurationList = 29AFEF7219AD770100F6B10A /* Build configuration list for PBXProject "Box2D" */;
			compatibilityVersion = "Xcode 3.2";
			developmentRegion = English;
			hasScannedForEncodings = 0;
			knownRegions = (
				en,
			);
			mainGroup = 29AFEF6E19AD770100F6B10A;
			productRefGroup = 29AFEF7819AD770100F6B10A /* Products */;
			projectDirPath = "";
			projectRoot = "";
			targets = (
				29AFEF7619AD770100F6B10A /* Box2D */,
			);
		};
/* End PBXProject section */

/* Begin PBXSourcesBuildPhase section */
		29AFEF7319AD770100F6B10A /* Sources */ = {
			isa = PBXSourcesBuildPhase;
			buildActionMask = 2147483647;
			files = (
				29AFF0C119AD77D300F6B10A /* b2WeldJoint.cpp in Sources */,
				29AFF0A119AD77D300F6B10A /* b2PolygonShape.cpp in Sources */,
				29AFF0AD19AD77D300F6B10A /* b2WorldCallbacks.cpp in Sources */,
				29AFF0C219AD77D300F6B10A /* b2WheelJoint.cpp in Sources */,
				29AFF0A319AD77D300F6B10A /* b2Draw.cpp in Sources */,
				29AFF09719AD77D300F6B10A /* b2CollideCircle.cpp in Sources */,
				29AFF0BB19AD77D300F6B10A /* b2MotorJoint.cpp in Sources */,
				29AFF0B819AD77D300F6B10A /* b2FrictionJoint.cpp in Sources */,
				29AFF09D19AD77D300F6B10A /* b2TimeOfImpact.cpp in Sources */,
				29AFF0A519AD77D300F6B10A /* b2Settings.cpp in Sources */,
				29AFF0BF19AD77D300F6B10A /* b2RevoluteJoint.cpp in Sources */,
				29AFF09919AD77D300F6B10A /* b2CollidePolygon.cpp in Sources */,
				29AFF09E19AD77D300F6B10A /* b2ChainShape.cpp in Sources */,
				29AFF0B219AD77D300F6B10A /* b2ContactSolver.cpp in Sources */,
				29AFF0B419AD77D300F6B10A /* b2EdgeAndPolygonContact.cpp in Sources */,
				29AFF0A219AD77D300F6B10A /* b2BlockAllocator.cpp in Sources */,
				29AFF0A919AD77D300F6B10A /* b2ContactManager.cpp in Sources */,
				29AFF0B119AD77D300F6B10A /* b2Contact.cpp in Sources */,
				29AFF09B19AD77D300F6B10A /* b2Distance.cpp in Sources */,
				29AFF0B619AD77D300F6B10A /* b2PolygonContact.cpp in Sources */,
				29AFF0AF19AD77D300F6B10A /* b2ChainAndPolygonContact.cpp in Sources */,
				29AFF0A819AD77D300F6B10A /* b2Body.cpp in Sources */,
				29AFF0AA19AD77D300F6B10A /* b2Fixture.cpp in Sources */,
				29AFF0BC19AD77D300F6B10A /* b2MouseJoint.cpp in Sources */,
				29AFF0AB19AD77D300F6B10A /* b2Island.cpp in Sources */,
				29AFF09F19AD77D300F6B10A /* b2CircleShape.cpp in Sources */,
				29AFF09619AD77D300F6B10A /* b2BroadPhase.cpp in Sources */,
				29AFF0C319AD77D300F6B10A /* b2Rope.cpp in Sources */,
				29AFF0BE19AD77D300F6B10A /* b2PulleyJoint.cpp in Sources */,
				29AFF0A719AD77D300F6B10A /* b2Timer.cpp in Sources */,
				29AFF0BD19AD77D300F6B10A /* b2PrismaticJoint.cpp in Sources */,
				29AFF0B919AD77D300F6B10A /* b2GearJoint.cpp in Sources */,
				29AFF0B019AD77D300F6B10A /* b2CircleContact.cpp in Sources */,
				29AFF0A419AD77D300F6B10A /* b2Math.cpp in Sources */,
				29AFF0A619AD77D300F6B10A /* b2StackAllocator.cpp in Sources */,
				29AFF0AE19AD77D300F6B10A /* b2ChainAndCircleContact.cpp in Sources */,
				29AFF0C019AD77D300F6B10A /* b2RopeJoint.cpp in Sources */,
				29AFF0AC19AD77D300F6B10A /* b2World.cpp in Sources */,
				29AFF0B319AD77D300F6B10A /* b2EdgeAndCircleContact.cpp in Sources */,
				29AFF0B519AD77D300F6B10A /* b2PolygonAndCircleContact.cpp in Sources */,
				29AFF0B719AD77D300F6B10A /* b2DistanceJoint.cpp in Sources */,
				29AFF09C19AD77D300F6B10A /* b2DynamicTree.cpp in Sources */,
				29AFF0A019AD77D300F6B10A /* b2EdgeShape.cpp in Sources */,
				29AFF0BA19AD77D300F6B10A /* b2Joint.cpp in Sources */,
				29AFF09A19AD77D300F6B10A /* b2Collision.cpp in Sources */,
				29AFF09819AD77D300F6B10A /* b2CollideEdge.cpp in Sources */,
			);
			runOnlyForDeploymentPostprocessing = 0;
		};
/* End PBXSourcesBuildPhase section */

/* Begin XCBuildConfiguration section */
		29AFEF9819AD770200F6B10A /* Debug */ = {
			isa = XCBuildConfiguration;
			buildSettings = {
				ALWAYS_SEARCH_USER_PATHS = NO;
				CLANG_CXX_LANGUAGE_STANDARD = "gnu++0x";
				CLANG_CXX_LIBRARY = "libc++";
				CLANG_ENABLE_MODULES = YES;
				CLANG_ENABLE_OBJC_ARC = YES;
				CLANG_WARN_BOOL_CONVERSION = YES;
				CLANG_WARN_CONSTANT_CONVERSION = YES;
				CLANG_WARN_DIRECT_OBJC_ISA_USAGE = YES_ERROR;
				CLANG_WARN_EMPTY_BODY = YES;
				CLANG_WARN_ENUM_CONVERSION = YES;
				CLANG_WARN_INT_CONVERSION = YES;
				CLANG_WARN_OBJC_ROOT_CLASS = YES_ERROR;
				CLANG_WARN__DUPLICATE_METHOD_MATCH = YES;
				COPY_PHASE_STRIP = NO;
				GCC_C_LANGUAGE_STANDARD = gnu99;
				GCC_DYNAMIC_NO_PIC = NO;
				GCC_OPTIMIZATION_LEVEL = 0;
				GCC_PREPROCESSOR_DEFINITIONS = (
					"DEBUG=1",
					"$(inherited)",
				);
				GCC_SYMBOLS_PRIVATE_EXTERN = NO;
				GCC_WARN_64_TO_32_BIT_CONVERSION = YES;
				GCC_WARN_ABOUT_RETURN_TYPE = YES_ERROR;
				GCC_WARN_UNDECLARED_SELECTOR = YES;
				GCC_WARN_UNINITIALIZED_AUTOS = YES_AGGRESSIVE;
				GCC_WARN_UNUSED_FUNCTION = YES;
				GCC_WARN_UNUSED_VARIABLE = YES;
				HEADER_SEARCH_PATHS = (
					"$(inherited)",
					/Applications/Xcode.app/Contents/Developer/Toolchains/XcodeDefault.xctoolchain/usr/include,
					"$(SRCROOT)",
				);
				IPHONEOS_DEPLOYMENT_TARGET = 7.1;
				ONLY_ACTIVE_ARCH = YES;
				SDKROOT = iphoneos;
			};
			name = Debug;
		};
		29AFEF9919AD770200F6B10A /* Release */ = {
			isa = XCBuildConfiguration;
			buildSettings = {
				ALWAYS_SEARCH_USER_PATHS = NO;
				CLANG_CXX_LANGUAGE_STANDARD = "gnu++0x";
				CLANG_CXX_LIBRARY = "libc++";
				CLANG_ENABLE_MODULES = YES;
				CLANG_ENABLE_OBJC_ARC = YES;
				CLANG_WARN_BOOL_CONVERSION = YES;
				CLANG_WARN_CONSTANT_CONVERSION = YES;
				CLANG_WARN_DIRECT_OBJC_ISA_USAGE = YES_ERROR;
				CLANG_WARN_EMPTY_BODY = YES;
				CLANG_WARN_ENUM_CONVERSION = YES;
				CLANG_WARN_INT_CONVERSION = YES;
				CLANG_WARN_OBJC_ROOT_CLASS = YES_ERROR;
				CLANG_WARN__DUPLICATE_METHOD_MATCH = YES;
				COPY_PHASE_STRIP = YES;
				ENABLE_NS_ASSERTIONS = NO;
				GCC_C_LANGUAGE_STANDARD = gnu99;
				GCC_WARN_64_TO_32_BIT_CONVERSION = YES;
				GCC_WARN_ABOUT_RETURN_TYPE = YES_ERROR;
				GCC_WARN_UNDECLARED_SELECTOR = YES;
				GCC_WARN_UNINITIALIZED_AUTOS = YES_AGGRESSIVE;
				GCC_WARN_UNUSED_FUNCTION = YES;
				GCC_WARN_UNUSED_VARIABLE = YES;
				HEADER_SEARCH_PATHS = (
					"$(inherited)",
					/Applications/Xcode.app/Contents/Developer/Toolchains/XcodeDefault.xctoolchain/usr/include,
					"$(SRCROOT)",
				);
				IPHONEOS_DEPLOYMENT_TARGET = 7.1;
				SDKROOT = iphoneos;
				VALIDATE_PRODUCT = YES;
			};
			name = Release;
		};
		29AFEF9B19AD770200F6B10A /* Debug */ = {
			isa = XCBuildConfiguration;
			buildSettings = {
				DSTROOT = /tmp/Box2D.dst;
				GCC_PRECOMPILE_PREFIX_HEADER = YES;
				GCC_PREFIX_HEADER = "Box2D/Box2D-Prefix.pch";
				OTHER_LDFLAGS = "-ObjC";
				PRODUCT_NAME = "$(TARGET_NAME)";
				SKIP_INSTALL = YES;
			};
			name = Debug;
		};
		29AFEF9C19AD770200F6B10A /* Release */ = {
			isa = XCBuildConfiguration;
			buildSettings = {
				DSTROOT = /tmp/Box2D.dst;
				GCC_PRECOMPILE_PREFIX_HEADER = YES;
				GCC_PREFIX_HEADER = "Box2D/Box2D-Prefix.pch";
				OTHER_LDFLAGS = "-ObjC";
				PRODUCT_NAME = "$(TARGET_NAME)";
				SKIP_INSTALL = YES;
			};
			name = Release;
		};
/* End XCBuildConfiguration section */

/* Begin XCConfigurationList section */
		29AFEF7219AD770100F6B10A /* Build configuration list for PBXProject "Box2D" */ = {
			isa = XCConfigurationList;
			buildConfigurations = (
				29AFEF9819AD770200F6B10A /* Debug */,
				29AFEF9919AD770200F6B10A /* Release */,
			);
			defaultConfigurationIsVisible = 0;
			defaultConfigurationName = Release;
		};
		29AFEF9A19AD770200F6B10A /* Build configuration list for PBXNativeTarget "Box2D" */ = {
			isa = XCConfigurationList;
			buildConfigurations = (
				29AFEF9B19AD770200F6B10A /* Debug */,
				29AFEF9C19AD770200F6B10A /* Release */,
			);
			defaultConfigurationIsVisible = 0;
			defaultConfigurationName = Release;
		};
/* End XCConfigurationList section */
	};
	rootObject = 29AFEF6F19AD770100F6B10A /* Project object */;
}
